
Microsoft Visual Studio Solution File, Format Version 12.00
# Visual Studio Version 16
VisualStudioVersion = 16.0.32802.440
MinimumVisualStudioVersion = 10.0.40219.1
Project("{9A19103F-16F7-4668-BE54-9A1E7A4F7556}") = "Curs1", "Curs-1\Curs1.csproj", "{36F90B65-FCF2-460A-B355-8D896C9386E3}"
EndProject
Project("{9A19103F-16F7-4668-BE54-9A1E7A4F7556}") = "Curs2", "Curs2\Curs2.csproj", "{CF8F4417-B6D7-4338-A22E-5DE8A6405739}"
EndProject
Project("{9A19103F-16F7-4668-BE54-9A1E7A4F7556}") = "TemaLab1ex1", "TemaLab1ex1\TemaLab1ex1.csproj", "{12ECF2D6-1C9A-4E6E-AF20-88B622C76708}"
EndProject
Project("{9A19103F-16F7-4668-BE54-9A1E7A4F7556}") = "TemaLab1ex2", "TemaLab1ex2\TemaLab1ex2.csproj", "{7EC9EE20-5056-45EE-BFF4-BA9535FC62FE}"
EndProject
Project("{9A19103F-16F7-4668-BE54-9A1E7A4F7556}") = "TemaLab1ex3", "TemaLab1ex3\TemaLab1ex3.csproj", "{87CE063F-7257-49FC-A729-71DD5CC3DC03}"
EndProject
Project("{9A19103F-16F7-4668-BE54-9A1E7A4F7556}") = "TemaLab1ex4", "TemaLab1ex4\TemaLab1ex4.csproj", "{59CD44C7-FCC7-415F-93FB-360A264232E2}"
EndProject
Project("{9A19103F-16F7-4668-BE54-9A1E7A4F7556}") = "TemaLab1ex5", "TemaLab1ex5\TemaLab1ex5.csproj", "{DFEED20D-F431-45B5-B1EF-7045D1E02D77}"
EndProject
Project("{9A19103F-16F7-4668-BE54-9A1E7A4F7556}") = "TemaLab1ex6", "TemaLab1ex6\TemaLab1ex6.csproj", "{AAD21A73-10A6-4CB1-B87A-BBB6429FF742}"
EndProject
Project("{2150E333-8FDC-42A3-9474-1A3956D46DE8}") = "Teme", "Teme", "{99F91F50-F794-481D-B731-0501DEE0E070}"
EndProject
Project("{2150E333-8FDC-42A3-9474-1A3956D46DE8}") = "Lab1", "Lab1", "{85F10ED7-7033-4D77-AA9C-7D520199439F}"
EndProject
Project("{9A19103F-16F7-4668-BE54-9A1E7A4F7556}") = "TemaLab1ex7", "TemaLab1ex7\TemaLab1ex7.csproj", "{927B5E27-F091-480E-899D-7916A1C76B8D}"
EndProject
Project("{2150E333-8FDC-42A3-9474-1A3956D46DE8}") = "Cursuri", "Cursuri", "{40230896-245C-4DD6-969F-4FA43994CEF3}"
EndProject
Project("{FAE04EC0-301F-11D3-BF4B-00C04F79EFBC}") = "TemaLab1ex8", "TemaLab1ex8\TemaLab1ex8.csproj", "{0F7781B6-E8FB-4265-9237-7114B6CE5049}"
EndProject
Project("{FAE04EC0-301F-11D3-BF4B-00C04F79EFBC}") = "TemaLab1ex9", "TemaLab1ex9\TemaLab1ex9.csproj", "{51F7A033-2835-443A-867D-AAC3263CBF22}"
EndProject
Project("{FAE04EC0-301F-11D3-BF4B-00C04F79EFBC}") = "TemaLab1ex10", "TemaLab1ex10\TemaLab1ex10.csproj", "{74945E7C-68D0-47AC-A0C0-87661AF8BAD1}"
EndProject
Project("{FAE04EC0-301F-11D3-BF4B-00C04F79EFBC}") = "TemaLab1ex11", "TemaLab1ex11\TemaLab1ex11.csproj", "{B2152938-2CC2-4C43-A7F2-97ED59A38C2B}"
EndProject
Global
	GlobalSection(SolutionConfigurationPlatforms) = preSolution
		Debug|Any CPU = Debug|Any CPU
		Release|Any CPU = Release|Any CPU
	EndGlobalSection
	GlobalSection(ProjectConfigurationPlatforms) = postSolution
		{36F90B65-FCF2-460A-B355-8D896C9386E3}.Debug|Any CPU.ActiveCfg = Debug|Any CPU
		{36F90B65-FCF2-460A-B355-8D896C9386E3}.Debug|Any CPU.Build.0 = Debug|Any CPU
		{36F90B65-FCF2-460A-B355-8D896C9386E3}.Release|Any CPU.ActiveCfg = Release|Any CPU
		{36F90B65-FCF2-460A-B355-8D896C9386E3}.Release|Any CPU.Build.0 = Release|Any CPU
		{CF8F4417-B6D7-4338-A22E-5DE8A6405739}.Debug|Any CPU.ActiveCfg = Debug|Any CPU
		{CF8F4417-B6D7-4338-A22E-5DE8A6405739}.Debug|Any CPU.Build.0 = Debug|Any CPU
		{CF8F4417-B6D7-4338-A22E-5DE8A6405739}.Release|Any CPU.ActiveCfg = Release|Any CPU
		{CF8F4417-B6D7-4338-A22E-5DE8A6405739}.Release|Any CPU.Build.0 = Release|Any CPU
		{12ECF2D6-1C9A-4E6E-AF20-88B622C76708}.Debug|Any CPU.ActiveCfg = Debug|Any CPU
		{12ECF2D6-1C9A-4E6E-AF20-88B622C76708}.Debug|Any CPU.Build.0 = Debug|Any CPU
		{12ECF2D6-1C9A-4E6E-AF20-88B622C76708}.Release|Any CPU.ActiveCfg = Release|Any CPU
		{12ECF2D6-1C9A-4E6E-AF20-88B622C76708}.Release|Any CPU.Build.0 = Release|Any CPU
		{7EC9EE20-5056-45EE-BFF4-BA9535FC62FE}.Debug|Any CPU.ActiveCfg = Debug|Any CPU
		{7EC9EE20-5056-45EE-BFF4-BA9535FC62FE}.Debug|Any CPU.Build.0 = Debug|Any CPU
		{7EC9EE20-5056-45EE-BFF4-BA9535FC62FE}.Release|Any CPU.ActiveCfg = Release|Any CPU
		{7EC9EE20-5056-45EE-BFF4-BA9535FC62FE}.Release|Any CPU.Build.0 = Release|Any CPU
		{87CE063F-7257-49FC-A729-71DD5CC3DC03}.Debug|Any CPU.ActiveCfg = Debug|Any CPU
		{87CE063F-7257-49FC-A729-71DD5CC3DC03}.Debug|Any CPU.Build.0 = Debug|Any CPU
		{87CE063F-7257-49FC-A729-71DD5CC3DC03}.Release|Any CPU.ActiveCfg = Release|Any CPU
		{87CE063F-7257-49FC-A729-71DD5CC3DC03}.Release|Any CPU.Build.0 = Release|Any CPU
		{59CD44C7-FCC7-415F-93FB-360A264232E2}.Debug|Any CPU.ActiveCfg = Debug|Any CPU
		{59CD44C7-FCC7-415F-93FB-360A264232E2}.Debug|Any CPU.Build.0 = Debug|Any CPU
		{59CD44C7-FCC7-415F-93FB-360A264232E2}.Release|Any CPU.ActiveCfg = Release|Any CPU
		{59CD44C7-FCC7-415F-93FB-360A264232E2}.Release|Any CPU.Build.0 = Release|Any CPU
		{DFEED20D-F431-45B5-B1EF-7045D1E02D77}.Debug|Any CPU.ActiveCfg = Debug|Any CPU
		{DFEED20D-F431-45B5-B1EF-7045D1E02D77}.Debug|Any CPU.Build.0 = Debug|Any CPU
		{DFEED20D-F431-45B5-B1EF-7045D1E02D77}.Release|Any CPU.ActiveCfg = Release|Any CPU
		{DFEED20D-F431-45B5-B1EF-7045D1E02D77}.Release|Any CPU.Build.0 = Release|Any CPU
		{AAD21A73-10A6-4CB1-B87A-BBB6429FF742}.Debug|Any CPU.ActiveCfg = Debug|Any CPU
		{AAD21A73-10A6-4CB1-B87A-BBB6429FF742}.Debug|Any CPU.Build.0 = Debug|Any CPU
		{AAD21A73-10A6-4CB1-B87A-BBB6429FF742}.Release|Any CPU.ActiveCfg = Release|Any CPU
		{AAD21A73-10A6-4CB1-B87A-BBB6429FF742}.Release|Any CPU.Build.0 = Release|Any CPU
		{927B5E27-F091-480E-899D-7916A1C76B8D}.Debug|Any CPU.ActiveCfg = Debug|Any CPU
		{927B5E27-F091-480E-899D-7916A1C76B8D}.Debug|Any CPU.Build.0 = Debug|Any CPU
		{927B5E27-F091-480E-899D-7916A1C76B8D}.Release|Any CPU.ActiveCfg = Release|Any CPU
		{927B5E27-F091-480E-899D-7916A1C76B8D}.Release|Any CPU.Build.0 = Release|Any CPU
		{0F7781B6-E8FB-4265-9237-7114B6CE5049}.Debug|Any CPU.ActiveCfg = Debug|Any CPU
		{0F7781B6-E8FB-4265-9237-7114B6CE5049}.Debug|Any CPU.Build.0 = Debug|Any CPU
		{0F7781B6-E8FB-4265-9237-7114B6CE5049}.Release|Any CPU.ActiveCfg = Release|Any CPU
		{0F7781B6-E8FB-4265-9237-7114B6CE5049}.Release|Any CPU.Build.0 = Release|Any CPU
		{51F7A033-2835-443A-867D-AAC3263CBF22}.Debug|Any CPU.ActiveCfg = Debug|Any CPU
		{51F7A033-2835-443A-867D-AAC3263CBF22}.Debug|Any CPU.Build.0 = Debug|Any CPU
		{51F7A033-2835-443A-867D-AAC3263CBF22}.Release|Any CPU.ActiveCfg = Release|Any CPU
		{51F7A033-2835-443A-867D-AAC3263CBF22}.Release|Any CPU.Build.0 = Release|Any CPU
		{74945E7C-68D0-47AC-A0C0-87661AF8BAD1}.Debug|Any CPU.ActiveCfg = Debug|Any CPU
		{74945E7C-68D0-47AC-A0C0-87661AF8BAD1}.Debug|Any CPU.Build.0 = Debug|Any CPU
		{74945E7C-68D0-47AC-A0C0-87661AF8BAD1}.Release|Any CPU.ActiveCfg = Release|Any CPU
		{74945E7C-68D0-47AC-A0C0-87661AF8BAD1}.Release|Any CPU.Build.0 = Release|Any CPU
		{B2152938-2CC2-4C43-A7F2-97ED59A38C2B}.Debug|Any CPU.ActiveCfg = Debug|Any CPU
		{B2152938-2CC2-4C43-A7F2-97ED59A38C2B}.Debug|Any CPU.Build.0 = Debug|Any CPU
		{B2152938-2CC2-4C43-A7F2-97ED59A38C2B}.Release|Any CPU.ActiveCfg = Release|Any CPU
		{B2152938-2CC2-4C43-A7F2-97ED59A38C2B}.Release|Any CPU.Build.0 = Release|Any CPU
	EndGlobalSection
	GlobalSection(SolutionProperties) = preSolution
		HideSolutionNode = FALSE
	EndGlobalSection
	GlobalSection(NestedProjects) = preSolution
		{36F90B65-FCF2-460A-B355-8D896C9386E3} = {40230896-245C-4DD6-969F-4FA43994CEF3}
		{CF8F4417-B6D7-4338-A22E-5DE8A6405739} = {40230896-245C-4DD6-969F-4FA43994CEF3}
		{12ECF2D6-1C9A-4E6E-AF20-88B622C76708} = {85F10ED7-7033-4D77-AA9C-7D520199439F}
		{7EC9EE20-5056-45EE-BFF4-BA9535FC62FE} = {85F10ED7-7033-4D77-AA9C-7D520199439F}
		{87CE063F-7257-49FC-A729-71DD5CC3DC03} = {85F10ED7-7033-4D77-AA9C-7D520199439F}
		{59CD44C7-FCC7-415F-93FB-360A264232E2} = {85F10ED7-7033-4D77-AA9C-7D520199439F}
		{DFEED20D-F431-45B5-B1EF-7045D1E02D77} = {85F10ED7-7033-4D77-AA9C-7D520199439F}
		{AAD21A73-10A6-4CB1-B87A-BBB6429FF742} = {85F10ED7-7033-4D77-AA9C-7D520199439F}
		{85F10ED7-7033-4D77-AA9C-7D520199439F} = {99F91F50-F794-481D-B731-0501DEE0E070}
		{927B5E27-F091-480E-899D-7916A1C76B8D} = {85F10ED7-7033-4D77-AA9C-7D520199439F}
		{0F7781B6-E8FB-4265-9237-7114B6CE5049} = {85F10ED7-7033-4D77-AA9C-7D520199439F}
		{51F7A033-2835-443A-867D-AAC3263CBF22} = {85F10ED7-7033-4D77-AA9C-7D520199439F}
		{74945E7C-68D0-47AC-A0C0-87661AF8BAD1} = {85F10ED7-7033-4D77-AA9C-7D520199439F}
		{B2152938-2CC2-4C43-A7F2-97ED59A38C2B} = {85F10ED7-7033-4D77-AA9C-7D520199439F}
	EndGlobalSection
	GlobalSection(ExtensibilityGlobals) = postSolution
		SolutionGuid = {D6AAC031-38E4-4FBC-9864-626F8DCEBF3A}
	EndGlobalSection
EndGlobal
