
Microsoft Visual Studio Solution File, Format Version 12.00
# Visual Studio Version 16
VisualStudioVersion = 16.0.32802.440
MinimumVisualStudioVersion = 10.0.40219.1
Project("{9A19103F-16F7-4668-BE54-9A1E7A4F7556}") = "Curs1", "Curs-1\Curs1.csproj", "{36F90B65-FCF2-460A-B355-8D896C9386E3}"
EndProject
Project("{9A19103F-16F7-4668-BE54-9A1E7A4F7556}") = "Curs2", "Curs2\Curs2.csproj", "{CF8F4417-B6D7-4338-A22E-5DE8A6405739}"
EndProject
Project("{FAE04EC0-301F-11D3-BF4B-00C04F79EFBC}") = "TemaLab1ex1", "TemaLab1ex1\TemaLab1ex1.csproj", "{12ECF2D6-1C9A-4E6E-AF20-88B622C76708}"
EndProject
Project("{FAE04EC0-301F-11D3-BF4B-00C04F79EFBC}") = "TemaLab1ex2", "TemaLab1ex2\TemaLab1ex2.csproj", "{7EC9EE20-5056-45EE-BFF4-BA9535FC62FE}"
EndProject
Project("{FAE04EC0-301F-11D3-BF4B-00C04F79EFBC}") = "TemaLab1ex3", "TemaLab1ex3\TemaLab1ex3.csproj", "{87CE063F-7257-49FC-A729-71DD5CC3DC03}"
EndProject
Global
	GlobalSection(SolutionConfigurationPlatforms) = preSolution
		Debug|Any CPU = Debug|Any CPU
		Release|Any CPU = Release|Any CPU
	EndGlobalSection
	GlobalSection(ProjectConfigurationPlatforms) = postSolution
		{36F90B65-FCF2-460A-B355-8D896C9386E3}.Debug|Any CPU.ActiveCfg = Debug|Any CPU
		{36F90B65-FCF2-460A-B355-8D896C9386E3}.Debug|Any CPU.Build.0 = Debug|Any CPU
		{36F90B65-FCF2-460A-B355-8D896C9386E3}.Release|Any CPU.ActiveCfg = Release|Any CPU
		{36F90B65-FCF2-460A-B355-8D896C9386E3}.Release|Any CPU.Build.0 = Release|Any CPU
		{CF8F4417-B6D7-4338-A22E-5DE8A6405739}.Debug|Any CPU.ActiveCfg = Debug|Any CPU
		{CF8F4417-B6D7-4338-A22E-5DE8A6405739}.Debug|Any CPU.Build.0 = Debug|Any CPU
		{CF8F4417-B6D7-4338-A22E-5DE8A6405739}.Release|Any CPU.ActiveCfg = Release|Any CPU
		{CF8F4417-B6D7-4338-A22E-5DE8A6405739}.Release|Any CPU.Build.0 = Release|Any CPU
		{12ECF2D6-1C9A-4E6E-AF20-88B622C76708}.Debug|Any CPU.ActiveCfg = Debug|Any CPU
		{12ECF2D6-1C9A-4E6E-AF20-88B622C76708}.Debug|Any CPU.Build.0 = Debug|Any CPU
		{12ECF2D6-1C9A-4E6E-AF20-88B622C76708}.Release|Any CPU.ActiveCfg = Release|Any CPU
		{12ECF2D6-1C9A-4E6E-AF20-88B622C76708}.Release|Any CPU.Build.0 = Release|Any CPU
		{7EC9EE20-5056-45EE-BFF4-BA9535FC62FE}.Debug|Any CPU.ActiveCfg = Debug|Any CPU
		{7EC9EE20-5056-45EE-BFF4-BA9535FC62FE}.Debug|Any CPU.Build.0 = Debug|Any CPU
		{7EC9EE20-5056-45EE-BFF4-BA9535FC62FE}.Release|Any CPU.ActiveCfg = Release|Any CPU
		{7EC9EE20-5056-45EE-BFF4-BA9535FC62FE}.Release|Any CPU.Build.0 = Release|Any CPU
		{87CE063F-7257-49FC-A729-71DD5CC3DC03}.Debug|Any CPU.ActiveCfg = Debug|Any CPU
		{87CE063F-7257-49FC-A729-71DD5CC3DC03}.Debug|Any CPU.Build.0 = Debug|Any CPU
		{87CE063F-7257-49FC-A729-71DD5CC3DC03}.Release|Any CPU.ActiveCfg = Release|Any CPU
		{87CE063F-7257-49FC-A729-71DD5CC3DC03}.Release|Any CPU.Build.0 = Release|Any CPU
	EndGlobalSection
	GlobalSection(SolutionProperties) = preSolution
		HideSolutionNode = FALSE
	EndGlobalSection
	GlobalSection(ExtensibilityGlobals) = postSolution
		SolutionGuid = {D6AAC031-38E4-4FBC-9864-626F8DCEBF3A}
	EndGlobalSection
EndGlobal
